
Microsoft Visual Studio Solution File, Format Version 12.00
# Visual Studio Version 17
VisualStudioVersion = 17.2.32526.322
MinimumVisualStudioVersion = 10.0.40219.1
Project("{FAE04EC0-301F-11D3-BF4B-00C04F79EFBC}") = "RepoPatternApp", "RepoPatternApp\RepoPatternApp.csproj", "{F6E93B9B-D35C-48EC-B478-9290E366083A}"
EndProject
Project("{FAE04EC0-301F-11D3-BF4B-00C04F79EFBC}") = "Repo", "Repo\Repo.csproj", "{24CA5535-8BEC-4060-B2CB-E3D90144AA7D}"
EndProject
Project("{FAE04EC0-301F-11D3-BF4B-00C04F79EFBC}") = "Ser", "Ser\Ser.csproj", "{D8BB9E20-1F21-4517-94D1-5938306D3E99}"
EndProject
Project("{FAE04EC0-301F-11D3-BF4B-00C04F79EFBC}") = "OI", "OI\OI.csproj", "{8F8FE61B-F3A2-40F9-A0DC-0DFF1BB67D90}"
EndProject
Project("{FAE04EC0-301F-11D3-BF4B-00C04F79EFBC}") = "Entity", "Entity\Entity.csproj", "{5FCF5DF1-5B9F-4708-A216-8CB4371761A9}"
EndProject
Global
	GlobalSection(SolutionConfigurationPlatforms) = preSolution
		Debug|Any CPU = Debug|Any CPU
		Release|Any CPU = Release|Any CPU
	EndGlobalSection
	GlobalSection(ProjectConfigurationPlatforms) = postSolution
		{F6E93B9B-D35C-48EC-B478-9290E366083A}.Debug|Any CPU.ActiveCfg = Debug|Any CPU
		{F6E93B9B-D35C-48EC-B478-9290E366083A}.Debug|Any CPU.Build.0 = Debug|Any CPU
		{F6E93B9B-D35C-48EC-B478-9290E366083A}.Release|Any CPU.ActiveCfg = Release|Any CPU
		{F6E93B9B-D35C-48EC-B478-9290E366083A}.Release|Any CPU.Build.0 = Release|Any CPU
		{24CA5535-8BEC-4060-B2CB-E3D90144AA7D}.Debug|Any CPU.ActiveCfg = Debug|Any CPU
		{24CA5535-8BEC-4060-B2CB-E3D90144AA7D}.Debug|Any CPU.Build.0 = Debug|Any CPU
		{24CA5535-8BEC-4060-B2CB-E3D90144AA7D}.Release|Any CPU.ActiveCfg = Release|Any CPU
		{24CA5535-8BEC-4060-B2CB-E3D90144AA7D}.Release|Any CPU.Build.0 = Release|Any CPU
		{D8BB9E20-1F21-4517-94D1-5938306D3E99}.Debug|Any CPU.ActiveCfg = Debug|Any CPU
		{D8BB9E20-1F21-4517-94D1-5938306D3E99}.Debug|Any CPU.Build.0 = Debug|Any CPU
		{D8BB9E20-1F21-4517-94D1-5938306D3E99}.Release|Any CPU.ActiveCfg = Release|Any CPU
		{D8BB9E20-1F21-4517-94D1-5938306D3E99}.Release|Any CPU.Build.0 = Release|Any CPU
		{8F8FE61B-F3A2-40F9-A0DC-0DFF1BB67D90}.Debug|Any CPU.ActiveCfg = Debug|Any CPU
		{8F8FE61B-F3A2-40F9-A0DC-0DFF1BB67D90}.Debug|Any CPU.Build.0 = Debug|Any CPU
		{8F8FE61B-F3A2-40F9-A0DC-0DFF1BB67D90}.Release|Any CPU.ActiveCfg = Release|Any CPU
		{8F8FE61B-F3A2-40F9-A0DC-0DFF1BB67D90}.Release|Any CPU.Build.0 = Release|Any CPU
		{5FCF5DF1-5B9F-4708-A216-8CB4371761A9}.Debug|Any CPU.ActiveCfg = Debug|Any CPU
		{5FCF5DF1-5B9F-4708-A216-8CB4371761A9}.Debug|Any CPU.Build.0 = Debug|Any CPU
		{5FCF5DF1-5B9F-4708-A216-8CB4371761A9}.Release|Any CPU.ActiveCfg = Release|Any CPU
		{5FCF5DF1-5B9F-4708-A216-8CB4371761A9}.Release|Any CPU.Build.0 = Release|Any CPU
	EndGlobalSection
	GlobalSection(SolutionProperties) = preSolution
		HideSolutionNode = FALSE
	EndGlobalSection
	GlobalSection(ExtensibilityGlobals) = postSolution
		SolutionGuid = {5206D66B-0D8D-429C-AD56-517E62F9B1DB}
	EndGlobalSection
EndGlobal
